
Microsoft Visual Studio Solution File, Format Version 12.00
# Visual Studio Version 17
VisualStudioVersion = 17.8.34309.116
MinimumVisualStudioVersion = 10.0.40219.1
Project("{9A19103F-16F7-4668-BE54-9A1E7A4F7556}") = "SocialNetwork.API", "SocialNetwork.API\SocialNetwork.API.csproj", "{469AE230-503E-41F9-B11E-1BF8B9B0A3F1}"
EndProject
Project("{9A19103F-16F7-4668-BE54-9A1E7A4F7556}") = "SocialNetwork.Business", "SocialNetwork.Business\SocialNetwork.Business.csproj", "{78EC0E02-7CD3-46A5-812B-29047B0F5BD2}"
EndProject
Project("{9A19103F-16F7-4668-BE54-9A1E7A4F7556}") = "SocialNetwork.DataAccess", "SocialNetwork.DataAccess\SocialNetwork.DataAccess.csproj", "{86291941-4799-400E-9472-BC45FCC02C0F}"
EndProject
Project("{E53339B2-1760-4266-BCC7-CA923CBCF16C}") = "docker-compose", "docker-compose.dcproj", "{B27E2884-8DF3-4300-B4D3-49A0D28E878D}"
EndProject
Global
	GlobalSection(SolutionConfigurationPlatforms) = preSolution
		Debug|Any CPU = Debug|Any CPU
		Release|Any CPU = Release|Any CPU
	EndGlobalSection
	GlobalSection(ProjectConfigurationPlatforms) = postSolution
		{469AE230-503E-41F9-B11E-1BF8B9B0A3F1}.Debug|Any CPU.ActiveCfg = Debug|Any CPU
		{469AE230-503E-41F9-B11E-1BF8B9B0A3F1}.Debug|Any CPU.Build.0 = Debug|Any CPU
		{469AE230-503E-41F9-B11E-1BF8B9B0A3F1}.Release|Any CPU.ActiveCfg = Release|Any CPU
		{469AE230-503E-41F9-B11E-1BF8B9B0A3F1}.Release|Any CPU.Build.0 = Release|Any CPU
		{78EC0E02-7CD3-46A5-812B-29047B0F5BD2}.Debug|Any CPU.ActiveCfg = Debug|Any CPU
		{78EC0E02-7CD3-46A5-812B-29047B0F5BD2}.Debug|Any CPU.Build.0 = Debug|Any CPU
		{78EC0E02-7CD3-46A5-812B-29047B0F5BD2}.Release|Any CPU.ActiveCfg = Release|Any CPU
		{78EC0E02-7CD3-46A5-812B-29047B0F5BD2}.Release|Any CPU.Build.0 = Release|Any CPU
		{86291941-4799-400E-9472-BC45FCC02C0F}.Debug|Any CPU.ActiveCfg = Debug|Any CPU
		{86291941-4799-400E-9472-BC45FCC02C0F}.Debug|Any CPU.Build.0 = Debug|Any CPU
		{86291941-4799-400E-9472-BC45FCC02C0F}.Release|Any CPU.ActiveCfg = Release|Any CPU
		{86291941-4799-400E-9472-BC45FCC02C0F}.Release|Any CPU.Build.0 = Release|Any CPU
		{B27E2884-8DF3-4300-B4D3-49A0D28E878D}.Debug|Any CPU.ActiveCfg = Debug|Any CPU
		{B27E2884-8DF3-4300-B4D3-49A0D28E878D}.Debug|Any CPU.Build.0 = Debug|Any CPU
		{B27E2884-8DF3-4300-B4D3-49A0D28E878D}.Release|Any CPU.ActiveCfg = Release|Any CPU
		{B27E2884-8DF3-4300-B4D3-49A0D28E878D}.Release|Any CPU.Build.0 = Release|Any CPU
	EndGlobalSection
	GlobalSection(SolutionProperties) = preSolution
		HideSolutionNode = FALSE
	EndGlobalSection
	GlobalSection(ExtensibilityGlobals) = postSolution
		SolutionGuid = {0758E8F6-5FB1-45E8-AB6C-35A3FDF8C7CA}
	EndGlobalSection
EndGlobal
